
Microsoft Visual Studio Solution File, Format Version 12.00
# Visual Studio Version 16
VisualStudioVersion = 16.0.29102.190
MinimumVisualStudioVersion = 10.0.40219.1
Project("{8BC9CEB8-8B4A-11D0-8D11-00A0C91BC942}") = "asynCmd", "asynCmd\asynCmd.vcxproj", "{820C2CE0-7538-4BBB-93E2-5B2AB95C34A5}"
EndProject
Global
	GlobalSection(SolutionConfigurationPlatforms) = preSolution
		Debug|ARM = Debug|ARM
		Debug|x64 = Debug|x64
		Debug|x86 = Debug|x86
		Release|ARM = Release|ARM
		Release|x64 = Release|x64
		Release|x86 = Release|x86
	EndGlobalSection
	GlobalSection(ProjectConfigurationPlatforms) = postSolution
		{820C2CE0-7538-4BBB-93E2-5B2AB95C34A5}.Debug|ARM.ActiveCfg = Debug|ARM
		{820C2CE0-7538-4BBB-93E2-5B2AB95C34A5}.Debug|ARM.Build.0 = Debug|ARM
		{820C2CE0-7538-4BBB-93E2-5B2AB95C34A5}.Debug|x64.ActiveCfg = Debug|x64
		{820C2CE0-7538-4BBB-93E2-5B2AB95C34A5}.Debug|x64.Build.0 = Debug|x64
		{820C2CE0-7538-4BBB-93E2-5B2AB95C34A5}.Debug|x86.ActiveCfg = Debug|Win32
		{820C2CE0-7538-4BBB-93E2-5B2AB95C34A5}.Debug|x86.Build.0 = Debug|Win32
		{820C2CE0-7538-4BBB-93E2-5B2AB95C34A5}.Release|ARM.ActiveCfg = Release|x64
		{820C2CE0-7538-4BBB-93E2-5B2AB95C34A5}.Release|ARM.Build.0 = Release|x64
		{820C2CE0-7538-4BBB-93E2-5B2AB95C34A5}.Release|x64.ActiveCfg = Release|x64
		{820C2CE0-7538-4BBB-93E2-5B2AB95C34A5}.Release|x64.Build.0 = Release|x64
		{820C2CE0-7538-4BBB-93E2-5B2AB95C34A5}.Release|x86.ActiveCfg = Release|Win32
		{820C2CE0-7538-4BBB-93E2-5B2AB95C34A5}.Release|x86.Build.0 = Release|Win32
	EndGlobalSection
	GlobalSection(SolutionProperties) = preSolution
		HideSolutionNode = FALSE
	EndGlobalSection
	GlobalSection(ExtensibilityGlobals) = postSolution
		SolutionGuid = {5B25C09F-9745-4EB9-AB46-A60D0812BE6A}
	EndGlobalSection
EndGlobal
